
Microsoft Visual Studio Solution File, Format Version 12.00
# Visual Studio Version 17
VisualStudioVersion = 17.7.34018.315
MinimumVisualStudioVersion = 10.0.40219.1
Project("{FAE04EC0-301F-11D3-BF4B-00C04F79EFBC}") = "WinFormsApp1", "WinFormsApp1\WinFormsApp1.csproj", "{0E60A2E5-A7C0-4A5B-BD4F-1C91C87EAD56}"
EndProject
Global
	GlobalSection(SolutionConfigurationPlatforms) = preSolution
		Debug|Any CPU = Debug|Any CPU
		Release|Any CPU = Release|Any CPU
	EndGlobalSection
	GlobalSection(ProjectConfigurationPlatforms) = postSolution
		{0E60A2E5-A7C0-4A5B-BD4F-1C91C87EAD56}.Debug|Any CPU.ActiveCfg = Debug|Any CPU
		{0E60A2E5-A7C0-4A5B-BD4F-1C91C87EAD56}.Debug|Any CPU.Build.0 = Debug|Any CPU
		{0E60A2E5-A7C0-4A5B-BD4F-1C91C87EAD56}.Release|Any CPU.ActiveCfg = Release|Any CPU
		{0E60A2E5-A7C0-4A5B-BD4F-1C91C87EAD56}.Release|Any CPU.Build.0 = Release|Any CPU
	EndGlobalSection
	GlobalSection(SolutionProperties) = preSolution
		HideSolutionNode = FALSE
	EndGlobalSection
	GlobalSection(ExtensibilityGlobals) = postSolution
		SolutionGuid = {4D7093CC-532E-426E-91D5-AE0A9593CD59}
	EndGlobalSection
EndGlobal
